
Microsoft Visual Studio Solution File, Format Version 12.00
# Visual Studio Version 16
VisualStudioVersion = 16.0.31005.135
MinimumVisualStudioVersion = 10.0.40219.1
Project("{FAE04EC0-301F-11D3-BF4B-00C04F79EFBC}") = "Handin2_LAdeskab", "Handin2_LAdeskab\Handin2_LAdeskab.csproj", "{1520D0DA-5983-4D43-8A1C-41F2A6D5246D}"
EndProject
Global
	GlobalSection(SolutionConfigurationPlatforms) = preSolution
		Debug|Any CPU = Debug|Any CPU
		Release|Any CPU = Release|Any CPU
	EndGlobalSection
	GlobalSection(ProjectConfigurationPlatforms) = postSolution
		{1520D0DA-5983-4D43-8A1C-41F2A6D5246D}.Debug|Any CPU.ActiveCfg = Debug|Any CPU
		{1520D0DA-5983-4D43-8A1C-41F2A6D5246D}.Debug|Any CPU.Build.0 = Debug|Any CPU
		{1520D0DA-5983-4D43-8A1C-41F2A6D5246D}.Release|Any CPU.ActiveCfg = Release|Any CPU
		{1520D0DA-5983-4D43-8A1C-41F2A6D5246D}.Release|Any CPU.Build.0 = Release|Any CPU
	EndGlobalSection
	GlobalSection(SolutionProperties) = preSolution
		HideSolutionNode = FALSE
	EndGlobalSection
	GlobalSection(ExtensibilityGlobals) = postSolution
		SolutionGuid = {27F26EC6-F4E2-4F76-8FD9-BFE67D06ED11}
	EndGlobalSection
EndGlobal
